
Microsoft Visual Studio Solution File, Format Version 12.00
# Visual Studio 15
VisualStudioVersion = 15.0.27004.2010
MinimumVisualStudioVersion = 10.0.40219.1
Project("{FAE04EC0-301F-11D3-BF4B-00C04F79EFBC}") = "CodingGame_community_TicketToRideEurope", "CodingGame_community_TicketToRideEurope\CodingGame_community_TicketToRideEurope.csproj", "{C4828DFD-C86A-4076-BCB7-928CC66CD875}"
EndProject
Project("{FAE04EC0-301F-11D3-BF4B-00C04F79EFBC}") = "CodingGame_classic_TeadsSponsoredContest", "CodingGame_classic_TeadsSponsoredContest\CodingGame_classic_TeadsSponsoredContest.csproj", "{8E647772-189E-490E-B55F-137B1EA58C55}"
EndProject
Project("{FAE04EC0-301F-11D3-BF4B-00C04F79EFBC}") = "CodingGame_Template", "CodingGame_Template\CodingGame_Template.csproj", "{AF1E86BD-FA12-4802-A9CB-D7EDC181AD92}"
EndProject
Project("{FAE04EC0-301F-11D3-BF4B-00C04F79EFBC}") = "Validation", "Validation\Validation.csproj", "{1B9AA25B-2072-4582-A0AF-8FB2AB4E5BEA}"
EndProject
Project("{FAE04EC0-301F-11D3-BF4B-00C04F79EFBC}") = "CodingGame_community_TheFastest", "CodingGame_community_TheFastest\CodingGame_community_TheFastest.csproj", "{F46359AE-116E-4D51-B42D-896B86D6DA72}"
EndProject
Project("{FAE04EC0-301F-11D3-BF4B-00C04F79EFBC}") = "TechIO_GeneticAlgorithms", "TechIO_GeneticAlgorithms\TechIO_GeneticAlgorithms.csproj", "{CFC25908-5771-47F4-B122-AA502E30E444}"
EndProject
Project("{FAE04EC0-301F-11D3-BF4B-00C04F79EFBC}") = "CodingGame_contest_CodeVsZombies", "CodingGame_contest_CodeVsZombies\CodingGame_contest_CodeVsZombies.csproj", "{815A8796-3D95-467F-B77F-5646C525D553}"
EndProject
Project("{FAE04EC0-301F-11D3-BF4B-00C04F79EFBC}") = "CodingGame_classic_MarsLander2", "CodingGame_classic_MarsLander2\CodingGame_classic_MarsLander2.csproj", "{C3ED0783-9C42-4327-A3D3-5DF217FBE6F4}"
EndProject
Project("{FAE04EC0-301F-11D3-BF4B-00C04F79EFBC}") = "CodingGame_engine_MarsLander", "CodingGame_engine_MarsLander\CodingGame_engine_MarsLander.csproj", "{78C97EA1-25FB-4C01-A976-A47520AE1B67}"
EndProject
Project("{FAE04EC0-301F-11D3-BF4B-00C04F79EFBC}") = "CodingGame_contest_MeanMax", "CodingGame_contest_MeanMax\CodingGame_contest_MeanMax.csproj", "{6963AC25-E1F0-45E0-A2CF-F068F35C6C0B}"
EndProject
Project("{FAE04EC0-301F-11D3-BF4B-00C04F79EFBC}") = "CodingGame_engine_MeanMax", "CodingGame_engine_MeanMax\CodingGame_engine_MeanMax.csproj", "{EDAF1E14-9DA4-4C19-956C-046C3438DC3A}"
EndProject
Project("{FAE04EC0-301F-11D3-BF4B-00C04F79EFBC}") = "CodingGame_classic_RollerCoaster", "CodingGame_classic_RollerCoaster\CodingGame_classic_RollerCoaster.csproj", "{2BD8BF8D-7655-4076-AA2E-B496B2F3C717}"
EndProject
Project("{FAE04EC0-301F-11D3-BF4B-00C04F79EFBC}") = "CodingGame_classic_MarsLander1", "CodingGame_classic_MarsLander1\CodingGame_classic_MarsLander1.csproj", "{62EBBC66-8642-45BF-9F55-D17802B25187}"
EndProject
Project("{FAE04EC0-301F-11D3-BF4B-00C04F79EFBC}") = "CodingGame_engine_Base", "CodingGame_engine_Base\CodingGame_engine_Base.csproj", "{D8C972D7-78CA-4354-A06B-DB4F6BB3FA2D}"
EndProject
Project("{FAE04EC0-301F-11D3-BF4B-00C04F79EFBC}") = "CodingGame_community_OweWayCity", "CodingGame_community_OweWayCity\CodingGame_community_OweWayCity.csproj", "{801CF33D-BE7F-4801-8114-D86873EEAFA1}"
EndProject
Project("{FAE04EC0-301F-11D3-BF4B-00C04F79EFBC}") = "AGPlayground", "AGPlayground\AGPlayground.csproj", "{3B2237D7-BBD7-4EC6-B2AD-302EB0D9E945}"
EndProject
Project("{FAE04EC0-301F-11D3-BF4B-00C04F79EFBC}") = "CodingGame_community_Hangman", "CodingGame_community_Hangman\CodingGame_community_Hangman.csproj", "{53FDA07A-95F3-4D65-8833-3895BF9F557E}"
EndProject
Project("{FAE04EC0-301F-11D3-BF4B-00C04F79EFBC}") = "CodingGame_classic_Temperatures", "CodingGame_classic_Temperatures\CodingGame_classic_Temperatures.csproj", "{ED2FE7B6-4E5F-4D2E-B12F-79BA64A99CB0}"
EndProject
Project("{FAE04EC0-301F-11D3-BF4B-00C04F79EFBC}") = "CodingGame_community_MinimalNumberOfSwaps", "CodingGame_community_MinimalNumberOfSwaps\CodingGame_community_MinimalNumberOfSwaps.csproj", "{843C3C91-6F3D-49A6-B019-BC0C52F921BA}"
EndProject
Project("{FAE04EC0-301F-11D3-BF4B-00C04F79EFBC}") = "Playground", "Playground\Playground.csproj", "{504BF79C-2277-4D9A-ACED-02B4685DED28}"
EndProject
Global
	GlobalSection(SolutionConfigurationPlatforms) = preSolution
		Debug|Any CPU = Debug|Any CPU
		Release|Any CPU = Release|Any CPU
	EndGlobalSection
	GlobalSection(ProjectConfigurationPlatforms) = postSolution
		{C4828DFD-C86A-4076-BCB7-928CC66CD875}.Debug|Any CPU.ActiveCfg = Debug|Any CPU
		{C4828DFD-C86A-4076-BCB7-928CC66CD875}.Debug|Any CPU.Build.0 = Debug|Any CPU
		{C4828DFD-C86A-4076-BCB7-928CC66CD875}.Release|Any CPU.ActiveCfg = Release|Any CPU
		{C4828DFD-C86A-4076-BCB7-928CC66CD875}.Release|Any CPU.Build.0 = Release|Any CPU
		{8E647772-189E-490E-B55F-137B1EA58C55}.Debug|Any CPU.ActiveCfg = Debug|Any CPU
		{8E647772-189E-490E-B55F-137B1EA58C55}.Debug|Any CPU.Build.0 = Debug|Any CPU
		{8E647772-189E-490E-B55F-137B1EA58C55}.Release|Any CPU.ActiveCfg = Release|Any CPU
		{8E647772-189E-490E-B55F-137B1EA58C55}.Release|Any CPU.Build.0 = Release|Any CPU
		{AF1E86BD-FA12-4802-A9CB-D7EDC181AD92}.Debug|Any CPU.ActiveCfg = Debug|Any CPU
		{AF1E86BD-FA12-4802-A9CB-D7EDC181AD92}.Debug|Any CPU.Build.0 = Debug|Any CPU
		{AF1E86BD-FA12-4802-A9CB-D7EDC181AD92}.Release|Any CPU.ActiveCfg = Release|Any CPU
		{AF1E86BD-FA12-4802-A9CB-D7EDC181AD92}.Release|Any CPU.Build.0 = Release|Any CPU
		{1B9AA25B-2072-4582-A0AF-8FB2AB4E5BEA}.Debug|Any CPU.ActiveCfg = Debug|Any CPU
		{1B9AA25B-2072-4582-A0AF-8FB2AB4E5BEA}.Debug|Any CPU.Build.0 = Debug|Any CPU
		{1B9AA25B-2072-4582-A0AF-8FB2AB4E5BEA}.Release|Any CPU.ActiveCfg = Release|Any CPU
		{1B9AA25B-2072-4582-A0AF-8FB2AB4E5BEA}.Release|Any CPU.Build.0 = Release|Any CPU
		{F46359AE-116E-4D51-B42D-896B86D6DA72}.Debug|Any CPU.ActiveCfg = Debug|Any CPU
		{F46359AE-116E-4D51-B42D-896B86D6DA72}.Debug|Any CPU.Build.0 = Debug|Any CPU
		{F46359AE-116E-4D51-B42D-896B86D6DA72}.Release|Any CPU.ActiveCfg = Release|Any CPU
		{F46359AE-116E-4D51-B42D-896B86D6DA72}.Release|Any CPU.Build.0 = Release|Any CPU
		{CFC25908-5771-47F4-B122-AA502E30E444}.Debug|Any CPU.ActiveCfg = Debug|Any CPU
		{CFC25908-5771-47F4-B122-AA502E30E444}.Debug|Any CPU.Build.0 = Debug|Any CPU
		{CFC25908-5771-47F4-B122-AA502E30E444}.Release|Any CPU.ActiveCfg = Release|Any CPU
		{CFC25908-5771-47F4-B122-AA502E30E444}.Release|Any CPU.Build.0 = Release|Any CPU
		{815A8796-3D95-467F-B77F-5646C525D553}.Debug|Any CPU.ActiveCfg = Debug|Any CPU
		{815A8796-3D95-467F-B77F-5646C525D553}.Debug|Any CPU.Build.0 = Debug|Any CPU
		{815A8796-3D95-467F-B77F-5646C525D553}.Release|Any CPU.ActiveCfg = Release|Any CPU
		{815A8796-3D95-467F-B77F-5646C525D553}.Release|Any CPU.Build.0 = Release|Any CPU
		{C3ED0783-9C42-4327-A3D3-5DF217FBE6F4}.Debug|Any CPU.ActiveCfg = Debug|Any CPU
		{C3ED0783-9C42-4327-A3D3-5DF217FBE6F4}.Debug|Any CPU.Build.0 = Debug|Any CPU
		{C3ED0783-9C42-4327-A3D3-5DF217FBE6F4}.Release|Any CPU.ActiveCfg = Release|Any CPU
		{C3ED0783-9C42-4327-A3D3-5DF217FBE6F4}.Release|Any CPU.Build.0 = Release|Any CPU
		{78C97EA1-25FB-4C01-A976-A47520AE1B67}.Debug|Any CPU.ActiveCfg = Debug|Any CPU
		{78C97EA1-25FB-4C01-A976-A47520AE1B67}.Debug|Any CPU.Build.0 = Debug|Any CPU
		{78C97EA1-25FB-4C01-A976-A47520AE1B67}.Release|Any CPU.ActiveCfg = Release|Any CPU
		{78C97EA1-25FB-4C01-A976-A47520AE1B67}.Release|Any CPU.Build.0 = Release|Any CPU
		{6963AC25-E1F0-45E0-A2CF-F068F35C6C0B}.Debug|Any CPU.ActiveCfg = Debug|Any CPU
		{6963AC25-E1F0-45E0-A2CF-F068F35C6C0B}.Debug|Any CPU.Build.0 = Debug|Any CPU
		{6963AC25-E1F0-45E0-A2CF-F068F35C6C0B}.Release|Any CPU.ActiveCfg = Release|Any CPU
		{6963AC25-E1F0-45E0-A2CF-F068F35C6C0B}.Release|Any CPU.Build.0 = Release|Any CPU
		{EDAF1E14-9DA4-4C19-956C-046C3438DC3A}.Debug|Any CPU.ActiveCfg = Debug|Any CPU
		{EDAF1E14-9DA4-4C19-956C-046C3438DC3A}.Debug|Any CPU.Build.0 = Debug|Any CPU
		{EDAF1E14-9DA4-4C19-956C-046C3438DC3A}.Release|Any CPU.ActiveCfg = Release|Any CPU
		{EDAF1E14-9DA4-4C19-956C-046C3438DC3A}.Release|Any CPU.Build.0 = Release|Any CPU
		{2BD8BF8D-7655-4076-AA2E-B496B2F3C717}.Debug|Any CPU.ActiveCfg = Debug|Any CPU
		{2BD8BF8D-7655-4076-AA2E-B496B2F3C717}.Debug|Any CPU.Build.0 = Debug|Any CPU
		{2BD8BF8D-7655-4076-AA2E-B496B2F3C717}.Release|Any CPU.ActiveCfg = Release|Any CPU
		{2BD8BF8D-7655-4076-AA2E-B496B2F3C717}.Release|Any CPU.Build.0 = Release|Any CPU
		{62EBBC66-8642-45BF-9F55-D17802B25187}.Debug|Any CPU.ActiveCfg = Debug|Any CPU
		{62EBBC66-8642-45BF-9F55-D17802B25187}.Debug|Any CPU.Build.0 = Debug|Any CPU
		{62EBBC66-8642-45BF-9F55-D17802B25187}.Release|Any CPU.ActiveCfg = Release|Any CPU
		{62EBBC66-8642-45BF-9F55-D17802B25187}.Release|Any CPU.Build.0 = Release|Any CPU
		{D8C972D7-78CA-4354-A06B-DB4F6BB3FA2D}.Debug|Any CPU.ActiveCfg = Debug|Any CPU
		{D8C972D7-78CA-4354-A06B-DB4F6BB3FA2D}.Debug|Any CPU.Build.0 = Debug|Any CPU
		{D8C972D7-78CA-4354-A06B-DB4F6BB3FA2D}.Release|Any CPU.ActiveCfg = Release|Any CPU
		{D8C972D7-78CA-4354-A06B-DB4F6BB3FA2D}.Release|Any CPU.Build.0 = Release|Any CPU
		{801CF33D-BE7F-4801-8114-D86873EEAFA1}.Debug|Any CPU.ActiveCfg = Debug|Any CPU
		{801CF33D-BE7F-4801-8114-D86873EEAFA1}.Debug|Any CPU.Build.0 = Debug|Any CPU
		{801CF33D-BE7F-4801-8114-D86873EEAFA1}.Release|Any CPU.ActiveCfg = Release|Any CPU
		{801CF33D-BE7F-4801-8114-D86873EEAFA1}.Release|Any CPU.Build.0 = Release|Any CPU
		{3B2237D7-BBD7-4EC6-B2AD-302EB0D9E945}.Debug|Any CPU.ActiveCfg = Debug|Any CPU
		{3B2237D7-BBD7-4EC6-B2AD-302EB0D9E945}.Debug|Any CPU.Build.0 = Debug|Any CPU
		{3B2237D7-BBD7-4EC6-B2AD-302EB0D9E945}.Release|Any CPU.ActiveCfg = Release|Any CPU
		{3B2237D7-BBD7-4EC6-B2AD-302EB0D9E945}.Release|Any CPU.Build.0 = Release|Any CPU
		{53FDA07A-95F3-4D65-8833-3895BF9F557E}.Debug|Any CPU.ActiveCfg = Debug|Any CPU
		{53FDA07A-95F3-4D65-8833-3895BF9F557E}.Debug|Any CPU.Build.0 = Debug|Any CPU
		{53FDA07A-95F3-4D65-8833-3895BF9F557E}.Release|Any CPU.ActiveCfg = Release|Any CPU
		{53FDA07A-95F3-4D65-8833-3895BF9F557E}.Release|Any CPU.Build.0 = Release|Any CPU
		{ED2FE7B6-4E5F-4D2E-B12F-79BA64A99CB0}.Debug|Any CPU.ActiveCfg = Debug|Any CPU
		{ED2FE7B6-4E5F-4D2E-B12F-79BA64A99CB0}.Debug|Any CPU.Build.0 = Debug|Any CPU
		{ED2FE7B6-4E5F-4D2E-B12F-79BA64A99CB0}.Release|Any CPU.ActiveCfg = Release|Any CPU
		{ED2FE7B6-4E5F-4D2E-B12F-79BA64A99CB0}.Release|Any CPU.Build.0 = Release|Any CPU
		{843C3C91-6F3D-49A6-B019-BC0C52F921BA}.Debug|Any CPU.ActiveCfg = Debug|Any CPU
		{843C3C91-6F3D-49A6-B019-BC0C52F921BA}.Debug|Any CPU.Build.0 = Debug|Any CPU
		{843C3C91-6F3D-49A6-B019-BC0C52F921BA}.Release|Any CPU.ActiveCfg = Release|Any CPU
		{843C3C91-6F3D-49A6-B019-BC0C52F921BA}.Release|Any CPU.Build.0 = Release|Any CPU
		{504BF79C-2277-4D9A-ACED-02B4685DED28}.Debug|Any CPU.ActiveCfg = Debug|Any CPU
		{504BF79C-2277-4D9A-ACED-02B4685DED28}.Debug|Any CPU.Build.0 = Debug|Any CPU
		{504BF79C-2277-4D9A-ACED-02B4685DED28}.Release|Any CPU.ActiveCfg = Release|Any CPU
		{504BF79C-2277-4D9A-ACED-02B4685DED28}.Release|Any CPU.Build.0 = Release|Any CPU
	EndGlobalSection
	GlobalSection(SolutionProperties) = preSolution
		HideSolutionNode = FALSE
	EndGlobalSection
	GlobalSection(ExtensibilityGlobals) = postSolution
		SolutionGuid = {2DDC6CA8-EEE9-42F1-A4EA-0A8F1292483A}
	EndGlobalSection
EndGlobal
